
Microsoft Visual Studio Solution File, Format Version 12.00
# Visual Studio Version 17
VisualStudioVersion = 17.0.31903.59
MinimumVisualStudioVersion = 10.0.40219.1
Project("{2150E333-8FDC-42A3-9474-1A3956D46DE8}") = "src", "src", "{827E0CD3-B72D-47B6-A68D-7590B98EB39B}"
EndProject
Project("{2150E333-8FDC-42A3-9474-1A3956D46DE8}") = "Shared", "Shared", "{C8E42992-5E42-0C2B-DBFE-AA848D06431C}"
EndProject
Project("{FAE04EC0-301F-11D3-BF4B-00C04F79EFBC}") = "TG.Control.Contracts", "src\Shared\TG.Control.Contracts\TG.Control.Contracts.csproj", "{71AF0392-127E-4B64-AC3B-789A577E9FA8}"
EndProject
Project("{2150E333-8FDC-42A3-9474-1A3956D46DE8}") = "Server", "Server", "{E6B48023-E680-40DA-9E17-319585C26937}"
EndProject
Project("{FAE04EC0-301F-11D3-BF4B-00C04F79EFBC}") = "TG.Control.Server", "src\Server\TG.Control.Server\TG.Control.Server.csproj", "{F0B785CE-350F-4F33-B7D2-4A9AE982F2A5}"
EndProject
Global
	GlobalSection(SolutionConfigurationPlatforms) = preSolution
		Debug|Any CPU = Debug|Any CPU
		Debug|x64 = Debug|x64
		Debug|x86 = Debug|x86
		Release|Any CPU = Release|Any CPU
		Release|x64 = Release|x64
		Release|x86 = Release|x86
	EndGlobalSection
	GlobalSection(ProjectConfigurationPlatforms) = postSolution
		{71AF0392-127E-4B64-AC3B-789A577E9FA8}.Debug|Any CPU.ActiveCfg = Debug|Any CPU
		{71AF0392-127E-4B64-AC3B-789A577E9FA8}.Debug|Any CPU.Build.0 = Debug|Any CPU
		{71AF0392-127E-4B64-AC3B-789A577E9FA8}.Debug|x64.ActiveCfg = Debug|Any CPU
		{71AF0392-127E-4B64-AC3B-789A577E9FA8}.Debug|x64.Build.0 = Debug|Any CPU
		{71AF0392-127E-4B64-AC3B-789A577E9FA8}.Debug|x86.ActiveCfg = Debug|Any CPU
		{71AF0392-127E-4B64-AC3B-789A577E9FA8}.Debug|x86.Build.0 = Debug|Any CPU
		{71AF0392-127E-4B64-AC3B-789A577E9FA8}.Release|Any CPU.ActiveCfg = Release|Any CPU
		{71AF0392-127E-4B64-AC3B-789A577E9FA8}.Release|Any CPU.Build.0 = Release|Any CPU
		{71AF0392-127E-4B64-AC3B-789A577E9FA8}.Release|x64.ActiveCfg = Release|Any CPU
		{71AF0392-127E-4B64-AC3B-789A577E9FA8}.Release|x64.Build.0 = Release|Any CPU
		{71AF0392-127E-4B64-AC3B-789A577E9FA8}.Release|x86.ActiveCfg = Release|Any CPU
		{71AF0392-127E-4B64-AC3B-789A577E9FA8}.Release|x86.Build.0 = Release|Any CPU
		{F0B785CE-350F-4F33-B7D2-4A9AE982F2A5}.Debug|Any CPU.ActiveCfg = Debug|Any CPU
		{F0B785CE-350F-4F33-B7D2-4A9AE982F2A5}.Debug|Any CPU.Build.0 = Debug|Any CPU
		{F0B785CE-350F-4F33-B7D2-4A9AE982F2A5}.Debug|x64.ActiveCfg = Debug|Any CPU
		{F0B785CE-350F-4F33-B7D2-4A9AE982F2A5}.Debug|x64.Build.0 = Debug|Any CPU
		{F0B785CE-350F-4F33-B7D2-4A9AE982F2A5}.Debug|x86.ActiveCfg = Debug|Any CPU
		{F0B785CE-350F-4F33-B7D2-4A9AE982F2A5}.Debug|x86.Build.0 = Debug|Any CPU
		{F0B785CE-350F-4F33-B7D2-4A9AE982F2A5}.Release|Any CPU.ActiveCfg = Release|Any CPU
		{F0B785CE-350F-4F33-B7D2-4A9AE982F2A5}.Release|Any CPU.Build.0 = Release|Any CPU
		{F0B785CE-350F-4F33-B7D2-4A9AE982F2A5}.Release|x64.ActiveCfg = Release|Any CPU
		{F0B785CE-350F-4F33-B7D2-4A9AE982F2A5}.Release|x64.Build.0 = Release|Any CPU
		{F0B785CE-350F-4F33-B7D2-4A9AE982F2A5}.Release|x86.ActiveCfg = Release|Any CPU
		{F0B785CE-350F-4F33-B7D2-4A9AE982F2A5}.Release|x86.Build.0 = Release|Any CPU
	EndGlobalSection
	GlobalSection(SolutionProperties) = preSolution
		HideSolutionNode = FALSE
	EndGlobalSection
	GlobalSection(NestedProjects) = preSolution
		{C8E42992-5E42-0C2B-DBFE-AA848D06431C} = {827E0CD3-B72D-47B6-A68D-7590B98EB39B}
		{71AF0392-127E-4B64-AC3B-789A577E9FA8} = {C8E42992-5E42-0C2B-DBFE-AA848D06431C}
		{E6B48023-E680-40DA-9E17-319585C26937} = {827E0CD3-B72D-47B6-A68D-7590B98EB39B}
		{F0B785CE-350F-4F33-B7D2-4A9AE982F2A5} = {E6B48023-E680-40DA-9E17-319585C26937}
	EndGlobalSection
EndGlobal
